
Microsoft Visual Studio Solution File, Format Version 12.00
# Visual Studio 2012
Project("{F184B08F-C81C-45F6-A57F-5ABD9991F28F}") = "Objects", "Objects\Objects.vbproj", "{AF132521-AC3D-4697-8222-AA1065563455}"
EndProject
Project("{F184B08F-C81C-45F6-A57F-5ABD9991F28F}") = "Services", "Services\Services.vbproj", "{EAF8F094-9615-48BA-AF07-673E14812F21}"
EndProject
Project("{E24C65DC-7377-472B-9ABA-BC803B73C61A}") = "WebUI", "WebUI\", "{E1C9FD1D-A0A7-4B95-9936-5757AEE6EEC9}"
	ProjectSection(WebsiteProperties) = preProject
		TargetFrameworkMoniker = ".NETFramework,Version%3Dv4.0"
		ProjectReferences = "{eaf8f094-9615-48ba-af07-673e14812f21}|Warpfusion.A4PP.Services.dll;"
		Debug.AspNetCompiler.VirtualPath = "/WebUI"
		Debug.AspNetCompiler.PhysicalPath = "WebUI\"
		Debug.AspNetCompiler.TargetPath = "PrecompiledWeb\WebUI\"
		Debug.AspNetCompiler.Updateable = "true"
		Debug.AspNetCompiler.ForceOverwrite = "true"
		Debug.AspNetCompiler.FixedNames = "false"
		Debug.AspNetCompiler.Debug = "True"
		Release.AspNetCompiler.VirtualPath = "/WebUI"
		Release.AspNetCompiler.PhysicalPath = "WebUI\"
		Release.AspNetCompiler.TargetPath = "PrecompiledWeb\WebUI\"
		Release.AspNetCompiler.Updateable = "true"
		Release.AspNetCompiler.ForceOverwrite = "true"
		Release.AspNetCompiler.FixedNames = "false"
		Release.AspNetCompiler.Debug = "False"
		VWDPort = "2212"
		DefaultWebSiteLanguage = "Visual C#"
	EndProjectSection
EndProject
Project("{E24C65DC-7377-472B-9ABA-BC803B73C61A}") = "WebMobileUI", "WebMobileUI\", "{07B68913-3CAB-41FA-AFFE-9C83EA37798A}"
	ProjectSection(WebsiteProperties) = preProject
		TargetFrameworkMoniker = ".NETFramework,Version%3Dv4.0"
		Debug.AspNetCompiler.VirtualPath = "/WebMobileUI"
		Debug.AspNetCompiler.PhysicalPath = "WebMobileUI\"
		Debug.AspNetCompiler.TargetPath = "PrecompiledWeb\WebMobileUI\"
		Debug.AspNetCompiler.Updateable = "true"
		Debug.AspNetCompiler.ForceOverwrite = "true"
		Debug.AspNetCompiler.FixedNames = "false"
		Debug.AspNetCompiler.Debug = "True"
		Release.AspNetCompiler.VirtualPath = "/WebMobileUI"
		Release.AspNetCompiler.PhysicalPath = "WebMobileUI\"
		Release.AspNetCompiler.TargetPath = "PrecompiledWeb\WebMobileUI\"
		Release.AspNetCompiler.Updateable = "true"
		Release.AspNetCompiler.ForceOverwrite = "true"
		Release.AspNetCompiler.FixedNames = "false"
		Release.AspNetCompiler.Debug = "False"
		VWDPort = "7153"
		DefaultWebSiteLanguage = "Visual Basic"
	EndProjectSection
EndProject
Global
	GlobalSection(SolutionConfigurationPlatforms) = preSolution
		Debug|Any CPU = Debug|Any CPU
		Release|Any CPU = Release|Any CPU
	EndGlobalSection
	GlobalSection(ProjectConfigurationPlatforms) = postSolution
		{AF132521-AC3D-4697-8222-AA1065563455}.Debug|Any CPU.ActiveCfg = Debug|Any CPU
		{AF132521-AC3D-4697-8222-AA1065563455}.Debug|Any CPU.Build.0 = Debug|Any CPU
		{AF132521-AC3D-4697-8222-AA1065563455}.Release|Any CPU.ActiveCfg = Release|Any CPU
		{AF132521-AC3D-4697-8222-AA1065563455}.Release|Any CPU.Build.0 = Release|Any CPU
		{EAF8F094-9615-48BA-AF07-673E14812F21}.Debug|Any CPU.ActiveCfg = Debug|Any CPU
		{EAF8F094-9615-48BA-AF07-673E14812F21}.Debug|Any CPU.Build.0 = Debug|Any CPU
		{EAF8F094-9615-48BA-AF07-673E14812F21}.Release|Any CPU.ActiveCfg = Release|Any CPU
		{EAF8F094-9615-48BA-AF07-673E14812F21}.Release|Any CPU.Build.0 = Release|Any CPU
		{E1C9FD1D-A0A7-4B95-9936-5757AEE6EEC9}.Debug|Any CPU.ActiveCfg = Debug|Any CPU
		{E1C9FD1D-A0A7-4B95-9936-5757AEE6EEC9}.Debug|Any CPU.Build.0 = Debug|Any CPU
		{E1C9FD1D-A0A7-4B95-9936-5757AEE6EEC9}.Release|Any CPU.ActiveCfg = Debug|Any CPU
		{E1C9FD1D-A0A7-4B95-9936-5757AEE6EEC9}.Release|Any CPU.Build.0 = Debug|Any CPU
		{07B68913-3CAB-41FA-AFFE-9C83EA37798A}.Debug|Any CPU.ActiveCfg = Debug|Any CPU
		{07B68913-3CAB-41FA-AFFE-9C83EA37798A}.Debug|Any CPU.Build.0 = Debug|Any CPU
		{07B68913-3CAB-41FA-AFFE-9C83EA37798A}.Release|Any CPU.ActiveCfg = Debug|Any CPU
		{07B68913-3CAB-41FA-AFFE-9C83EA37798A}.Release|Any CPU.Build.0 = Debug|Any CPU
	EndGlobalSection
	GlobalSection(SolutionProperties) = preSolution
		HideSolutionNode = FALSE
	EndGlobalSection
EndGlobal
